
Microsoft Visual Studio Solution File, Format Version 12.00
# Visual Studio Version 16
VisualStudioVersion = 16.0.30523.141
MinimumVisualStudioVersion = 15.0.26124.0
Project("{9A19103F-16F7-4668-BE54-9A1E7A4F7556}") = "CopaFilmes.Testes.Unidade", "..\tests\CopaFilmes.Testes.Unidade\CopaFilmes.Testes.Unidade.csproj", "{566D1307-4337-4A40-9BFB-DBC984C7AD13}"
EndProject
Project("{2150E333-8FDC-42A3-9474-1A3956D46DE8}") = "Testes", "Testes", "{44D20789-D7AB-4C2F-90F7-94C2EB6F8FF2}"
EndProject
Project("{9A19103F-16F7-4668-BE54-9A1E7A4F7556}") = "CopaFilmes.Api", "CopaFilmes.Api\CopaFilmes.Api.csproj", "{B87A4CFE-4434-4675-A1C5-CF5C87439A53}"
EndProject
Project("{FAE04EC0-301F-11D3-BF4B-00C04F79EFBC}") = "CopaFilmes.Testes.Integracao", "..\tests\CopaFilmes.Testes.Integracao\CopaFilmes.Testes.Integracao.csproj", "{F84D209D-D4C6-4EF0-A9F9-6720479AA3C1}"
EndProject
Global
	GlobalSection(SolutionConfigurationPlatforms) = preSolution
		Debug|Any CPU = Debug|Any CPU
		Debug|x64 = Debug|x64
		Debug|x86 = Debug|x86
		Release|Any CPU = Release|Any CPU
		Release|x64 = Release|x64
		Release|x86 = Release|x86
	EndGlobalSection
	GlobalSection(ProjectConfigurationPlatforms) = postSolution
		{566D1307-4337-4A40-9BFB-DBC984C7AD13}.Debug|Any CPU.ActiveCfg = Debug|Any CPU
		{566D1307-4337-4A40-9BFB-DBC984C7AD13}.Debug|Any CPU.Build.0 = Debug|Any CPU
		{566D1307-4337-4A40-9BFB-DBC984C7AD13}.Debug|x64.ActiveCfg = Debug|Any CPU
		{566D1307-4337-4A40-9BFB-DBC984C7AD13}.Debug|x64.Build.0 = Debug|Any CPU
		{566D1307-4337-4A40-9BFB-DBC984C7AD13}.Debug|x86.ActiveCfg = Debug|Any CPU
		{566D1307-4337-4A40-9BFB-DBC984C7AD13}.Debug|x86.Build.0 = Debug|Any CPU
		{566D1307-4337-4A40-9BFB-DBC984C7AD13}.Release|Any CPU.ActiveCfg = Release|Any CPU
		{566D1307-4337-4A40-9BFB-DBC984C7AD13}.Release|Any CPU.Build.0 = Release|Any CPU
		{566D1307-4337-4A40-9BFB-DBC984C7AD13}.Release|x64.ActiveCfg = Release|Any CPU
		{566D1307-4337-4A40-9BFB-DBC984C7AD13}.Release|x64.Build.0 = Release|Any CPU
		{566D1307-4337-4A40-9BFB-DBC984C7AD13}.Release|x86.ActiveCfg = Release|Any CPU
		{566D1307-4337-4A40-9BFB-DBC984C7AD13}.Release|x86.Build.0 = Release|Any CPU
		{B87A4CFE-4434-4675-A1C5-CF5C87439A53}.Debug|Any CPU.ActiveCfg = Debug|Any CPU
		{B87A4CFE-4434-4675-A1C5-CF5C87439A53}.Debug|Any CPU.Build.0 = Debug|Any CPU
		{B87A4CFE-4434-4675-A1C5-CF5C87439A53}.Debug|x64.ActiveCfg = Debug|Any CPU
		{B87A4CFE-4434-4675-A1C5-CF5C87439A53}.Debug|x64.Build.0 = Debug|Any CPU
		{B87A4CFE-4434-4675-A1C5-CF5C87439A53}.Debug|x86.ActiveCfg = Debug|Any CPU
		{B87A4CFE-4434-4675-A1C5-CF5C87439A53}.Debug|x86.Build.0 = Debug|Any CPU
		{B87A4CFE-4434-4675-A1C5-CF5C87439A53}.Release|Any CPU.ActiveCfg = Release|Any CPU
		{B87A4CFE-4434-4675-A1C5-CF5C87439A53}.Release|Any CPU.Build.0 = Release|Any CPU
		{B87A4CFE-4434-4675-A1C5-CF5C87439A53}.Release|x64.ActiveCfg = Release|Any CPU
		{B87A4CFE-4434-4675-A1C5-CF5C87439A53}.Release|x64.Build.0 = Release|Any CPU
		{B87A4CFE-4434-4675-A1C5-CF5C87439A53}.Release|x86.ActiveCfg = Release|Any CPU
		{B87A4CFE-4434-4675-A1C5-CF5C87439A53}.Release|x86.Build.0 = Release|Any CPU
		{F84D209D-D4C6-4EF0-A9F9-6720479AA3C1}.Debug|Any CPU.ActiveCfg = Debug|Any CPU
		{F84D209D-D4C6-4EF0-A9F9-6720479AA3C1}.Debug|Any CPU.Build.0 = Debug|Any CPU
		{F84D209D-D4C6-4EF0-A9F9-6720479AA3C1}.Debug|x64.ActiveCfg = Debug|Any CPU
		{F84D209D-D4C6-4EF0-A9F9-6720479AA3C1}.Debug|x64.Build.0 = Debug|Any CPU
		{F84D209D-D4C6-4EF0-A9F9-6720479AA3C1}.Debug|x86.ActiveCfg = Debug|Any CPU
		{F84D209D-D4C6-4EF0-A9F9-6720479AA3C1}.Debug|x86.Build.0 = Debug|Any CPU
		{F84D209D-D4C6-4EF0-A9F9-6720479AA3C1}.Release|Any CPU.ActiveCfg = Release|Any CPU
		{F84D209D-D4C6-4EF0-A9F9-6720479AA3C1}.Release|Any CPU.Build.0 = Release|Any CPU
		{F84D209D-D4C6-4EF0-A9F9-6720479AA3C1}.Release|x64.ActiveCfg = Release|Any CPU
		{F84D209D-D4C6-4EF0-A9F9-6720479AA3C1}.Release|x64.Build.0 = Release|Any CPU
		{F84D209D-D4C6-4EF0-A9F9-6720479AA3C1}.Release|x86.ActiveCfg = Release|Any CPU
		{F84D209D-D4C6-4EF0-A9F9-6720479AA3C1}.Release|x86.Build.0 = Release|Any CPU
	EndGlobalSection
	GlobalSection(SolutionProperties) = preSolution
		HideSolutionNode = FALSE
	EndGlobalSection
	GlobalSection(NestedProjects) = preSolution
		{566D1307-4337-4A40-9BFB-DBC984C7AD13} = {44D20789-D7AB-4C2F-90F7-94C2EB6F8FF2}
		{F84D209D-D4C6-4EF0-A9F9-6720479AA3C1} = {44D20789-D7AB-4C2F-90F7-94C2EB6F8FF2}
	EndGlobalSection
	GlobalSection(ExtensibilityGlobals) = postSolution
		SolutionGuid = {48F780A0-4D39-4C07-B496-CCEC9BBE459C}
	EndGlobalSection
EndGlobal
